
Microsoft Visual Studio Solution File, Format Version 12.00
# Visual Studio Version 17
VisualStudioVersion = 17.0.32014.148
MinimumVisualStudioVersion = 10.0.40219.1
Project("{FAE04EC0-301F-11D3-BF4B-00C04F79EFBC}") = "RyanP410.WebUI", "RyanP410.WebUI\RyanP410.WebUI.csproj", "{53CDDB86-ACDC-463B-91C4-53F7438CD5C1}"
EndProject
Global
	GlobalSection(SolutionConfigurationPlatforms) = preSolution
		Debug|Any CPU = Debug|Any CPU
		Release|Any CPU = Release|Any CPU
	EndGlobalSection
	GlobalSection(ProjectConfigurationPlatforms) = postSolution
		{53CDDB86-ACDC-463B-91C4-53F7438CD5C1}.Debug|Any CPU.ActiveCfg = Debug|Any CPU
		{53CDDB86-ACDC-463B-91C4-53F7438CD5C1}.Debug|Any CPU.Build.0 = Debug|Any CPU
		{53CDDB86-ACDC-463B-91C4-53F7438CD5C1}.Release|Any CPU.ActiveCfg = Release|Any CPU
		{53CDDB86-ACDC-463B-91C4-53F7438CD5C1}.Release|Any CPU.Build.0 = Release|Any CPU
	EndGlobalSection
	GlobalSection(SolutionProperties) = preSolution
		HideSolutionNode = FALSE
	EndGlobalSection
	GlobalSection(ExtensibilityGlobals) = postSolution
		SolutionGuid = {E90CF086-BC53-4F78-A418-4D575433132F}
	EndGlobalSection
EndGlobal
